
Microsoft Visual Studio Solution File, Format Version 12.00
# Visual Studio Version 16
VisualStudioVersion = 16.0.30907.101
MinimumVisualStudioVersion = 10.0.40219.1
Project("{FAE04EC0-301F-11D3-BF4B-00C04F79EFBC}") = "Kyrsach", "Kyrsach\Kyrsach.csproj", "{EB1EE5C1-6514-4556-A2F9-CF3A62A64AB3}"
EndProject
Global
	GlobalSection(SolutionConfigurationPlatforms) = preSolution
		Debug|Any CPU = Debug|Any CPU
		Release|Any CPU = Release|Any CPU
	EndGlobalSection
	GlobalSection(ProjectConfigurationPlatforms) = postSolution
		{EB1EE5C1-6514-4556-A2F9-CF3A62A64AB3}.Debug|Any CPU.ActiveCfg = Debug|Any CPU
		{EB1EE5C1-6514-4556-A2F9-CF3A62A64AB3}.Debug|Any CPU.Build.0 = Debug|Any CPU
		{EB1EE5C1-6514-4556-A2F9-CF3A62A64AB3}.Release|Any CPU.ActiveCfg = Release|Any CPU
		{EB1EE5C1-6514-4556-A2F9-CF3A62A64AB3}.Release|Any CPU.Build.0 = Release|Any CPU
	EndGlobalSection
	GlobalSection(SolutionProperties) = preSolution
		HideSolutionNode = FALSE
	EndGlobalSection
	GlobalSection(ExtensibilityGlobals) = postSolution
		SolutionGuid = {7A348728-81DA-4E6B-B31D-A6B97D934F0F}
	EndGlobalSection
EndGlobal
